
Microsoft Visual Studio Solution File, Format Version 12.00
# Visual Studio Version 17
VisualStudioVersion = 17.9.34616.47
MinimumVisualStudioVersion = 10.0.40219.1
Project("{FAE04EC0-301F-11D3-BF4B-00C04F79EFBC}") = "letter_demo", "letter_demo\letter_demo.csproj", "{AB265312-4618-42EF-961D-30363348C2D3}"
EndProject
Global
	GlobalSection(SolutionConfigurationPlatforms) = preSolution
		Debug|Any CPU = Debug|Any CPU
		Release|Any CPU = Release|Any CPU
	EndGlobalSection
	GlobalSection(ProjectConfigurationPlatforms) = postSolution
		{AB265312-4618-42EF-961D-30363348C2D3}.Debug|Any CPU.ActiveCfg = Debug|Any CPU
		{AB265312-4618-42EF-961D-30363348C2D3}.Debug|Any CPU.Build.0 = Debug|Any CPU
		{AB265312-4618-42EF-961D-30363348C2D3}.Release|Any CPU.ActiveCfg = Release|Any CPU
		{AB265312-4618-42EF-961D-30363348C2D3}.Release|Any CPU.Build.0 = Release|Any CPU
	EndGlobalSection
	GlobalSection(SolutionProperties) = preSolution
		HideSolutionNode = FALSE
	EndGlobalSection
	GlobalSection(ExtensibilityGlobals) = postSolution
		SolutionGuid = {FCFFFB64-537D-43FF-BD70-1309E8F83179}
	EndGlobalSection
EndGlobal
